
Microsoft Visual Studio Solution File, Format Version 12.00
# Visual Studio Version 17
VisualStudioVersion = 17.4.33122.133
MinimumVisualStudioVersion = 10.0.40219.1
Project("{FAE04EC0-301F-11D3-BF4B-00C04F79EFBC}") = "SISTEMA_DE_GESTÃO_LOJA", "SISTEMA_DE_GESTÃO_LOJA.csproj", "{E9426EB2-1585-4E13-BD2F-2BDBA23F32BD}"
EndProject
Project("{9A19103F-16F7-4668-BE54-9A1E7A4F7556}") = "CriptografiaOsvaldo", "..\CriptografiaOsvaldo\CriptografiaOsvaldo.csproj", "{1C572E69-B469-46BD-862C-07DDE0999FF3}"
EndProject
Global
	GlobalSection(SolutionConfigurationPlatforms) = preSolution
		Debug|Any CPU = Debug|Any CPU
		Release|Any CPU = Release|Any CPU
	EndGlobalSection
	GlobalSection(ProjectConfigurationPlatforms) = postSolution
		{E9426EB2-1585-4E13-BD2F-2BDBA23F32BD}.Debug|Any CPU.ActiveCfg = Debug|Any CPU
		{E9426EB2-1585-4E13-BD2F-2BDBA23F32BD}.Debug|Any CPU.Build.0 = Debug|Any CPU
		{E9426EB2-1585-4E13-BD2F-2BDBA23F32BD}.Release|Any CPU.ActiveCfg = Release|Any CPU
		{E9426EB2-1585-4E13-BD2F-2BDBA23F32BD}.Release|Any CPU.Build.0 = Release|Any CPU
		{1C572E69-B469-46BD-862C-07DDE0999FF3}.Debug|Any CPU.ActiveCfg = Debug|Any CPU
		{1C572E69-B469-46BD-862C-07DDE0999FF3}.Debug|Any CPU.Build.0 = Debug|Any CPU
		{1C572E69-B469-46BD-862C-07DDE0999FF3}.Release|Any CPU.ActiveCfg = Release|Any CPU
		{1C572E69-B469-46BD-862C-07DDE0999FF3}.Release|Any CPU.Build.0 = Release|Any CPU
	EndGlobalSection
	GlobalSection(SolutionProperties) = preSolution
		HideSolutionNode = FALSE
	EndGlobalSection
	GlobalSection(ExtensibilityGlobals) = postSolution
		SolutionGuid = {F4A46019-DC3B-481E-9A85-C4BEB5036179}
	EndGlobalSection
EndGlobal
